{
  "name": "buffer",
  "lockfileVersion": 3,
  "requires": true,
  "packages": {
    "": {
      "dependencies": {
        "module-alias": "^2.3.4"
      }
    },
    "node_modules/module-alias": {
      "version": "2.3.4",
      "resolved": "https://registry.npmjs.org/module-alias/-/module-alias-2.3.4.tgz",
      "integrity": "sha512-bOclZt8hkpuGgSSoG07PKmvzTizROilUTvLNyrMqvlC9snhs7y7GzjNWAVbISIOlhCP1T14rH1PDAV9iNyBq/w==",
      "license": "MIT"
    }
  }
}
